
Microsoft Visual Studio Solution File, Format Version 12.00
# Visual Studio 15
VisualStudioVersion = 15.0.27004.2009
MinimumVisualStudioVersion = 10.0.40219.1
Project("{FAE04EC0-301F-11D3-BF4B-00C04F79EFBC}") = "PayslipGenerator2", "PayslipGenerator2\PayslipGenerator2.csproj", "{6C9EA0B0-DD24-4C39-ABBD-834D456A1A5C}"
EndProject
Global
	GlobalSection(SolutionConfigurationPlatforms) = preSolution
		Debug|Any CPU = Debug|Any CPU
		Release|Any CPU = Release|Any CPU
	EndGlobalSection
	GlobalSection(ProjectConfigurationPlatforms) = postSolution
		{6C9EA0B0-DD24-4C39-ABBD-834D456A1A5C}.Debug|Any CPU.ActiveCfg = Debug|Any CPU
		{6C9EA0B0-DD24-4C39-ABBD-834D456A1A5C}.Debug|Any CPU.Build.0 = Debug|Any CPU
		{6C9EA0B0-DD24-4C39-ABBD-834D456A1A5C}.Release|Any CPU.ActiveCfg = Release|Any CPU
		{6C9EA0B0-DD24-4C39-ABBD-834D456A1A5C}.Release|Any CPU.Build.0 = Release|Any CPU
	EndGlobalSection
	GlobalSection(SolutionProperties) = preSolution
		HideSolutionNode = FALSE
	EndGlobalSection
	GlobalSection(ExtensibilityGlobals) = postSolution
		SolutionGuid = {29EB3A73-663B-4293-BB52-FA939F9F41A1}
	EndGlobalSection
EndGlobal
